{
  "nodes": {
    "boxflinger": {
      "flake": false,
      "locked": {
        "lastModified": 1782061069,
        "narHash": "sha256-B+AnshynXPl6RA0nVY+R0vTAsgBIEukV9HM8ieCwJeQ=",
        "ref": "refs/tags/V-1.0.11",
        "rev": "228f966062879879dede8531511e2f5178e5988f",
        "revCount": 53,
        "type": "git",
        "url": "https://codeberg.org/ideumi/boxflinger"
      },
      "original": {
        "ref": "refs/tags/V-1.0.11",
        "type": "git",
        "url": "https://codeberg.org/ideumi/boxflinger"
      }
    },
    "chippy-src": {
      "flake": false,
      "locked": {
        "lastModified": 1786717411,
        "narHash": "sha256-6WCJqYeNtFU3/R6tUeFGE9apsiB1UYbDfvdW6qrV1iI=",
        "ref": "refs/tags/V-1.1.1",
        "rev": "ee8185921dad1587070734fecd5c6117cd4e0066",
        "revCount": 327,
        "type": "git",
        "url": "https://codeberg.org/ideumi/chippy"
      },
      "original": {
        "ref": "refs/tags/V-1.1.1",
        "type": "git",
        "url": "https://codeberg.org/ideumi/chippy"
      }
    },
    "depthfinder-src": {
      "flake": false,
      "locked": {
        "lastModified": 1785569658,
        "narHash": "sha256-JOSN2DCayYC9fHXy7d1Kv+DN2Z8Yq78+6D3L2Psi1DU=",
        "ref": "refs/tags/V-1.0.12",
        "rev": "995508fa55dd7a5377b775f44c48bc6fbf712e47",
        "revCount": 65,
        "type": "git",
        "url": "https://codeberg.org/ideumi/depthfinder"
      },
      "original": {
        "ref": "refs/tags/V-1.0.12",
        "type": "git",
        "url": "https://codeberg.org/ideumi/depthfinder"
      }
    },
    "dfn-mounter-src": {
      "flake": false,
      "locked": {
        "lastModified": 1785569946,
        "narHash": "sha256-LY06MaLnZhu1W2n2YKs5zCqG6snTzQjRM1JoCeLXjdQ=",
        "ref": "refs/tags/V-1.0.3",
        "rev": "7f642f933d3c4180a23116be223145ee48e0707f",
        "revCount": 15,
        "type": "git",
        "url": "https://codeberg.org/ideumi/dfn-mounter"
      },
      "original": {
        "ref": "refs/tags/V-1.0.3",
        "type": "git",
        "url": "https://codeberg.org/ideumi/dfn-mounter"
      }
    },
    "nixpkgs": {
      "locked": {
        "lastModified": 1786106723,
        "narHash": "sha256-zDSUbpoeo/9ZmD2+wXnzxoo1+uhL8vxc0b8yuYMKYq0=",
        "owner": "NixOS",
        "repo": "nixpkgs",
        "rev": "f13ff45afd1bb73e640eaa08a7066dbed07e3238",
        "type": "github"
      },
      "original": {
        "owner": "NixOS",
        "ref": "nixos-unstable",
        "repo": "nixpkgs",
        "type": "github"
      }
    },
    "root": {
      "inputs": {
        "boxflinger": "boxflinger",
        "chippy-src": "chippy-src",
        "depthfinder-src": "depthfinder-src",
        "dfn-mounter-src": "dfn-mounter-src",
        "nixpkgs": "nixpkgs"
      }
    }
  },
  "root": "root",
  "version": 7
}
