{
  "nodes": {
    "boxflinger": {
      "flake": false,
      "locked": {
        "lastModified": 1780558989,
        "narHash": "sha256-ENQhSC3l6bbY28wa2ZbGsBKC8EvHS5E3QwjoP327a2U=",
        "ref": "refs/tags/V-1.0.8",
        "rev": "7e56edea2ce4e0b152e10fd68e5a066bbab8892e",
        "revCount": 35,
        "type": "git",
        "url": "https://codeberg.org/ideumi/boxflinger"
      },
      "original": {
        "ref": "refs/tags/V-1.0.8",
        "type": "git",
        "url": "https://codeberg.org/ideumi/boxflinger"
      }
    },
    "chip-go": {
      "flake": false,
      "locked": {
        "lastModified": 1779517572,
        "narHash": "sha256-PlP6t9Ajsqo+4W0zM6pr6lJ6LiYpympT296fE3fChho=",
        "ref": "refs/tags/V-1.0.18",
        "rev": "1e967e35f3140ca94b707e87da332f54d31b4ad2",
        "revCount": 210,
        "type": "git",
        "url": "https://codeberg.org/ideumi/chip-go"
      },
      "original": {
        "ref": "refs/tags/V-1.0.18",
        "type": "git",
        "url": "https://codeberg.org/ideumi/chip-go"
      }
    },
    "depthfinder-src": {
      "flake": false,
      "locked": {
        "lastModified": 1780729779,
        "narHash": "sha256-4L3UK/1LcVIROIRNplYIwnHlSXrXYAX56P0uPXiX4/8=",
        "ref": "refs/tags/V-1.0.4",
        "rev": "2b0aa4d14d6bb6b13937559803cb870aae2d109c",
        "revCount": 16,
        "type": "git",
        "url": "https://codeberg.org/ideumi/depthfinder"
      },
      "original": {
        "ref": "refs/tags/V-1.0.4",
        "type": "git",
        "url": "https://codeberg.org/ideumi/depthfinder"
      }
    },
    "nixpkgs": {
      "locked": {
        "lastModified": 1778869304,
        "narHash": "sha256-30sZNZoA1cqF5JNO9fVX+wgiQYjB7HJqqJ4ztCDeBZE=",
        "owner": "NixOS",
        "repo": "nixpkgs",
        "rev": "d233902339c02a9c334e7e593de68855ad26c4cb",
        "type": "github"
      },
      "original": {
        "owner": "NixOS",
        "ref": "nixos-unstable",
        "repo": "nixpkgs",
        "type": "github"
      }
    },
    "root": {
      "inputs": {
        "boxflinger": "boxflinger",
        "chip-go": "chip-go",
        "depthfinder-src": "depthfinder-src",
        "nixpkgs": "nixpkgs"
      }
    }
  },
  "root": "root",
  "version": 7
}
