{
  "nodes": {
    "boxflinger": {
      "flake": false,
      "locked": {
        "lastModified": 1777919700,
        "narHash": "sha256-RYu+isINFVnOwcX/fpnzp0s+csEbspJTfwsc1n83DHg=",
        "ref": "refs/tags/V-1.0.7",
        "rev": "663e66be1048fd91f666f3d229e204cd1c918084",
        "revCount": 27,
        "type": "git",
        "url": "https://codeberg.org/ideumi/boxflinger"
      },
      "original": {
        "ref": "refs/tags/V-1.0.7",
        "type": "git",
        "url": "https://codeberg.org/ideumi/boxflinger"
      }
    },
    "chip-go": {
      "flake": false,
      "locked": {
        "lastModified": 1779004057,
        "narHash": "sha256-sYrOxMH71hDlYbDJSooD9t8+ogz6shiaAPME7j2RSqg=",
        "ref": "refs/tags/V-1.0.17",
        "rev": "9cdcdb0514cb06bfb44189ba94777956aac9805e",
        "revCount": 197,
        "type": "git",
        "url": "https://codeberg.org/ideumi/chip-go"
      },
      "original": {
        "ref": "refs/tags/V-1.0.17",
        "type": "git",
        "url": "https://codeberg.org/ideumi/chip-go"
      }
    },
    "depthfinder-src": {
      "flake": false,
      "locked": {
        "lastModified": 1779004329,
        "narHash": "sha256-8nZA84RUT5RrLE2Xe2LTp9yNIwutYjS2rumpHxCp0x8=",
        "ref": "refs/tags/V-1.0.3",
        "rev": "a665558461df895587a70bdba732356715d2fd79",
        "revCount": 11,
        "type": "git",
        "url": "https://codeberg.org/ideumi/depthfinder"
      },
      "original": {
        "ref": "refs/tags/V-1.0.3",
        "type": "git",
        "url": "https://codeberg.org/ideumi/depthfinder"
      }
    },
    "nixpkgs": {
      "locked": {
        "lastModified": 1768564909,
        "narHash": "sha256-Kell/SpJYVkHWMvnhqJz/8DqQg2b6PguxVWOuadbHCc=",
        "owner": "NixOS",
        "repo": "nixpkgs",
        "rev": "e4bae1bd10c9c57b2cf517953ab70060a828ee6f",
        "type": "github"
      },
      "original": {
        "owner": "NixOS",
        "ref": "nixos-unstable",
        "repo": "nixpkgs",
        "type": "github"
      }
    },
    "root": {
      "inputs": {
        "boxflinger": "boxflinger",
        "chip-go": "chip-go",
        "depthfinder-src": "depthfinder-src",
        "nixpkgs": "nixpkgs"
      }
    }
  },
  "root": "root",
  "version": 7
}
